
Microsoft Visual Studio Solution File, Format Version 12.00
# Visual Studio Version 16
VisualStudioVersion = 16.0.28803.202
MinimumVisualStudioVersion = 10.0.40219.1
Project("{9A19103F-16F7-4668-BE54-9A1E7A4F7556}") = "xubot-core", "xubot-core\xubot-core.csproj", "{0F429396-2B0B-468A-88EB-95DA7F8C2BC2}"
EndProject
Project("{2150E333-8FDC-42A3-9474-1A3956D46DE8}") = "core", "core", "{B37321F1-CB06-41BA-A9EE-63BF5B7453F4}"
EndProject
Project("{9A19103F-16F7-4668-BE54-9A1E7A4F7556}") = "xubot-helper", "xubot-helper\xubot-helper.csproj", "{01CF9CE8-5152-414F-AABB-DEE39C68248E}"
EndProject
Project("{2150E333-8FDC-42A3-9474-1A3956D46DE8}") = "repository", "repository", "{2143028C-A8BB-493E-902B-72E58FAE99E3}"
	ProjectSection(SolutionItems) = preProject
		DONATE.md = DONATE.md
		LICENSE = LICENSE
		README.md = README.md
	EndProjectSection
EndProject
Project("{2150E333-8FDC-42A3-9474-1A3956D46DE8}") = "docs", "docs", "{448B2F32-CCE7-41FB-B011-00AD69D9D4DE}"
	ProjectSection(SolutionItems) = preProject
		docs\_config.yml = docs\_config.yml
		docs\README.md = docs\README.md
		docs\xublogo.png = docs\xublogo.png
	EndProjectSection
EndProject
Project("{2150E333-8FDC-42A3-9474-1A3956D46DE8}") = "config-example", "config-example", "{3C81F374-8EAB-4406-A970-4EDF3EB93413}"
	ProjectSection(SolutionItems) = preProject
		config-example\Core\API.json = config-example\Core\API.json
		config-example\Core\Economy.xml = config-example\Core\Economy.xml
		config-example\Core\Keys.json = config-example\Core\Keys.json
		config-example\Core\Moods.xml = config-example\Core\Moods.xml
		config-example\Core\Opinions.xml = config-example\Core\Opinions.xml
		config-example\Core\README.md = config-example\Core\README.md
		config-example\Core\Trusted.xml = config-example\Core\Trusted.xml
		config-example\Core\Wiki.xml = config-example\Core\Wiki.xml
	EndProjectSection
EndProject
Global
	GlobalSection(SolutionConfigurationPlatforms) = preSolution
		Debug Development|Any CPU = Debug Development|Any CPU
		Debug|Any CPU = Debug|Any CPU
		Release Development|Any CPU = Release Development|Any CPU
		Release|Any CPU = Release|Any CPU
	EndGlobalSection
	GlobalSection(ProjectConfigurationPlatforms) = postSolution
		{0F429396-2B0B-468A-88EB-95DA7F8C2BC2}.Debug Development|Any CPU.ActiveCfg = Debug|Any CPU
		{0F429396-2B0B-468A-88EB-95DA7F8C2BC2}.Debug Development|Any CPU.Build.0 = Debug|Any CPU
		{0F429396-2B0B-468A-88EB-95DA7F8C2BC2}.Debug|Any CPU.ActiveCfg = Debug|Any CPU
		{0F429396-2B0B-468A-88EB-95DA7F8C2BC2}.Debug|Any CPU.Build.0 = Debug|Any CPU
		{0F429396-2B0B-468A-88EB-95DA7F8C2BC2}.Release Development|Any CPU.ActiveCfg = Release|Any CPU
		{0F429396-2B0B-468A-88EB-95DA7F8C2BC2}.Release Development|Any CPU.Build.0 = Release|Any CPU
		{0F429396-2B0B-468A-88EB-95DA7F8C2BC2}.Release|Any CPU.ActiveCfg = Release|Any CPU
		{0F429396-2B0B-468A-88EB-95DA7F8C2BC2}.Release|Any CPU.Build.0 = Release|Any CPU
		{01CF9CE8-5152-414F-AABB-DEE39C68248E}.Debug Development|Any CPU.ActiveCfg = Debug|Any CPU
		{01CF9CE8-5152-414F-AABB-DEE39C68248E}.Debug Development|Any CPU.Build.0 = Debug|Any CPU
		{01CF9CE8-5152-414F-AABB-DEE39C68248E}.Debug|Any CPU.ActiveCfg = Debug|Any CPU
		{01CF9CE8-5152-414F-AABB-DEE39C68248E}.Debug|Any CPU.Build.0 = Debug|Any CPU
		{01CF9CE8-5152-414F-AABB-DEE39C68248E}.Release Development|Any CPU.ActiveCfg = Release|Any CPU
		{01CF9CE8-5152-414F-AABB-DEE39C68248E}.Release Development|Any CPU.Build.0 = Release|Any CPU
		{01CF9CE8-5152-414F-AABB-DEE39C68248E}.Release|Any CPU.ActiveCfg = Release|Any CPU
		{01CF9CE8-5152-414F-AABB-DEE39C68248E}.Release|Any CPU.Build.0 = Release|Any CPU
	EndGlobalSection
	GlobalSection(SolutionProperties) = preSolution
		HideSolutionNode = FALSE
	EndGlobalSection
	GlobalSection(NestedProjects) = preSolution
		{0F429396-2B0B-468A-88EB-95DA7F8C2BC2} = {B37321F1-CB06-41BA-A9EE-63BF5B7453F4}
		{01CF9CE8-5152-414F-AABB-DEE39C68248E} = {B37321F1-CB06-41BA-A9EE-63BF5B7453F4}
		{448B2F32-CCE7-41FB-B011-00AD69D9D4DE} = {2143028C-A8BB-493E-902B-72E58FAE99E3}
		{3C81F374-8EAB-4406-A970-4EDF3EB93413} = {2143028C-A8BB-493E-902B-72E58FAE99E3}
	EndGlobalSection
	GlobalSection(ExtensibilityGlobals) = postSolution
		SolutionGuid = {74D1A3C1-7342-4110-956B-1E171FD845D5}
	EndGlobalSection
EndGlobal
